
Microsoft Visual Studio Solution File, Format Version 12.00
# Visual Studio Version 16
VisualStudioVersion = 16.0.30907.101
MinimumVisualStudioVersion = 10.0.40219.1
Project("{FAE04EC0-301F-11D3-BF4B-00C04F79EFBC}") = "ExclusiveBlockExample", "ExclusiveBlockExample\ExclusiveBlockExample.csproj", "{48AD121F-5C91-4F67-B374-5967066D73EE}"
EndProject
Global
	GlobalSection(SolutionConfigurationPlatforms) = preSolution
		Debug|Any CPU = Debug|Any CPU
		Release|Any CPU = Release|Any CPU
	EndGlobalSection
	GlobalSection(ProjectConfigurationPlatforms) = postSolution
		{48AD121F-5C91-4F67-B374-5967066D73EE}.Debug|Any CPU.ActiveCfg = Debug|Any CPU
		{48AD121F-5C91-4F67-B374-5967066D73EE}.Debug|Any CPU.Build.0 = Debug|Any CPU
		{48AD121F-5C91-4F67-B374-5967066D73EE}.Release|Any CPU.ActiveCfg = Release|Any CPU
		{48AD121F-5C91-4F67-B374-5967066D73EE}.Release|Any CPU.Build.0 = Release|Any CPU
	EndGlobalSection
	GlobalSection(SolutionProperties) = preSolution
		HideSolutionNode = FALSE
	EndGlobalSection
	GlobalSection(ExtensibilityGlobals) = postSolution
		SolutionGuid = {E88238B8-814D-44B2-B379-0424EA9E960F}
	EndGlobalSection
EndGlobal
