
Microsoft Visual Studio Solution File, Format Version 12.00
# Visual Studio Version 16
VisualStudioVersion = 16.0.30804.86
MinimumVisualStudioVersion = 10.0.40219.1
Project("{FAE04EC0-301F-11D3-BF4B-00C04F79EFBC}") = "NotesApp.Services", "NotesApp.Services\NotesApp.Services.csproj", "{B60944F9-9048-42EA-9B89-4B29C465264C}"
EndProject
Project("{FAE04EC0-301F-11D3-BF4B-00C04F79EFBC}") = "NotesApp.Tools", "NotesApp.Tools\NotesApp.Tools.csproj", "{AA875F1D-C102-4988-80C6-593A4C3AB167}"
EndProject
Global
	GlobalSection(SolutionConfigurationPlatforms) = preSolution
		Debug|Any CPU = Debug|Any CPU
		Release|Any CPU = Release|Any CPU
	EndGlobalSection
	GlobalSection(ProjectConfigurationPlatforms) = postSolution
		{B60944F9-9048-42EA-9B89-4B29C465264C}.Debug|Any CPU.ActiveCfg = Debug|Any CPU
		{B60944F9-9048-42EA-9B89-4B29C465264C}.Debug|Any CPU.Build.0 = Debug|Any CPU
		{B60944F9-9048-42EA-9B89-4B29C465264C}.Release|Any CPU.ActiveCfg = Release|Any CPU
		{B60944F9-9048-42EA-9B89-4B29C465264C}.Release|Any CPU.Build.0 = Release|Any CPU
		{AA875F1D-C102-4988-80C6-593A4C3AB167}.Debug|Any CPU.ActiveCfg = Debug|Any CPU
		{AA875F1D-C102-4988-80C6-593A4C3AB167}.Debug|Any CPU.Build.0 = Debug|Any CPU
		{AA875F1D-C102-4988-80C6-593A4C3AB167}.Release|Any CPU.ActiveCfg = Release|Any CPU
		{AA875F1D-C102-4988-80C6-593A4C3AB167}.Release|Any CPU.Build.0 = Release|Any CPU
	EndGlobalSection
	GlobalSection(SolutionProperties) = preSolution
		HideSolutionNode = FALSE
	EndGlobalSection
	GlobalSection(ExtensibilityGlobals) = postSolution
		SolutionGuid = {8B325BC0-BE79-4AE8-978A-56C2453A72CC}
	EndGlobalSection
EndGlobal
