
Microsoft Visual Studio Solution File, Format Version 12.00
# Visual Studio Version 17
VisualStudioVersion = 17.0.31903.59
MinimumVisualStudioVersion = 10.0.40219.1
Project("{9A19103F-16F7-4668-BE54-9A1E7A4F7556}") = "OperatorOverloadingExample", "OperatorOverloadingExample\OperatorOverloadingExample.csproj", "{8A2E6CBB-9C6A-4910-92A1-977AA45F067E}"
EndProject
Project("{FAE04EC0-301F-11D3-BF4B-00C04F79EFBC}") = "DataOperationsTests", "DataOperationsTests\DataOperationsTests.csproj", "{7241A4E7-FA2C-41EA-8F0B-703214902349}"
EndProject
Project("{FAE04EC0-301F-11D3-BF4B-00C04F79EFBC}") = "Common", "Common\Common.csproj", "{6F09A504-7BAC-43BF-8F4B-7779DC67F2A2}"
EndProject
Global
	GlobalSection(SolutionConfigurationPlatforms) = preSolution
		Debug|Any CPU = Debug|Any CPU
		Release|Any CPU = Release|Any CPU
	EndGlobalSection
	GlobalSection(ProjectConfigurationPlatforms) = postSolution
		{8A2E6CBB-9C6A-4910-92A1-977AA45F067E}.Debug|Any CPU.ActiveCfg = Debug|Any CPU
		{8A2E6CBB-9C6A-4910-92A1-977AA45F067E}.Debug|Any CPU.Build.0 = Debug|Any CPU
		{8A2E6CBB-9C6A-4910-92A1-977AA45F067E}.Release|Any CPU.ActiveCfg = Release|Any CPU
		{8A2E6CBB-9C6A-4910-92A1-977AA45F067E}.Release|Any CPU.Build.0 = Release|Any CPU
		{7241A4E7-FA2C-41EA-8F0B-703214902349}.Debug|Any CPU.ActiveCfg = Debug|Any CPU
		{7241A4E7-FA2C-41EA-8F0B-703214902349}.Debug|Any CPU.Build.0 = Debug|Any CPU
		{7241A4E7-FA2C-41EA-8F0B-703214902349}.Release|Any CPU.ActiveCfg = Release|Any CPU
		{7241A4E7-FA2C-41EA-8F0B-703214902349}.Release|Any CPU.Build.0 = Release|Any CPU
		{6F09A504-7BAC-43BF-8F4B-7779DC67F2A2}.Debug|Any CPU.ActiveCfg = Debug|Any CPU
		{6F09A504-7BAC-43BF-8F4B-7779DC67F2A2}.Debug|Any CPU.Build.0 = Debug|Any CPU
		{6F09A504-7BAC-43BF-8F4B-7779DC67F2A2}.Release|Any CPU.ActiveCfg = Release|Any CPU
		{6F09A504-7BAC-43BF-8F4B-7779DC67F2A2}.Release|Any CPU.Build.0 = Release|Any CPU
	EndGlobalSection
	GlobalSection(SolutionProperties) = preSolution
		HideSolutionNode = FALSE
	EndGlobalSection
	GlobalSection(ExtensibilityGlobals) = postSolution
		SolutionGuid = {1449F63F-80C9-40E6-86A5-352C07B3DE0A}
	EndGlobalSection
EndGlobal
