
Microsoft Visual Studio Solution File, Format Version 12.00
# Visual Studio Version 16
VisualStudioVersion = 16.0.30717.126
MinimumVisualStudioVersion = 10.0.40219.1
Project("{FAE04EC0-301F-11D3-BF4B-00C04F79EFBC}") = "ArithmeticOperatorsExample", "ArithmeticOperatorsExample\ArithmeticOperatorsExample.csproj", "{EBD50034-CFA3-481F-BE89-B0C2DE730F8B}"
EndProject
Project("{FAE04EC0-301F-11D3-BF4B-00C04F79EFBC}") = "ComparisonOperatorsExample", "ComparisonOperatorsExample\ComparisonOperatorsExample.csproj", "{397969EA-0434-4917-9D78-911B295E216A}"
EndProject
Project("{FAE04EC0-301F-11D3-BF4B-00C04F79EFBC}") = "EnumFlagExample", "EnumFlagExample\EnumFlagExample.csproj", "{D3D689DF-4BC0-4BDD-8327-D30C1406F59B}"
EndProject
Project("{FAE04EC0-301F-11D3-BF4B-00C04F79EFBC}") = "ExpressionExample", "ExpressionExample\ExpressionExample.csproj", "{800EE0A0-9234-48EC-8C6D-03AFE7FD658D}"
EndProject
Project("{FAE04EC0-301F-11D3-BF4B-00C04F79EFBC}") = "NullCoalesingExample", "NullCoalesingExample\NullCoalesingExample.csproj", "{63738CAA-9C46-45A5-83DC-42B37BB57EA8}"
EndProject
Project("{FAE04EC0-301F-11D3-BF4B-00C04F79EFBC}") = "OperatorOverloadingExample", "OperatorOverloadingExample\OperatorOverloadingExample.csproj", "{8A2E6CBB-9C6A-4910-92A1-977AA45F067E}"
EndProject
Global
	GlobalSection(SolutionConfigurationPlatforms) = preSolution
		Debug|Any CPU = Debug|Any CPU
		Release|Any CPU = Release|Any CPU
	EndGlobalSection
	GlobalSection(ProjectConfigurationPlatforms) = postSolution
		{EBD50034-CFA3-481F-BE89-B0C2DE730F8B}.Debug|Any CPU.ActiveCfg = Debug|Any CPU
		{EBD50034-CFA3-481F-BE89-B0C2DE730F8B}.Debug|Any CPU.Build.0 = Debug|Any CPU
		{EBD50034-CFA3-481F-BE89-B0C2DE730F8B}.Release|Any CPU.ActiveCfg = Release|Any CPU
		{EBD50034-CFA3-481F-BE89-B0C2DE730F8B}.Release|Any CPU.Build.0 = Release|Any CPU
		{397969EA-0434-4917-9D78-911B295E216A}.Debug|Any CPU.ActiveCfg = Debug|Any CPU
		{397969EA-0434-4917-9D78-911B295E216A}.Debug|Any CPU.Build.0 = Debug|Any CPU
		{397969EA-0434-4917-9D78-911B295E216A}.Release|Any CPU.ActiveCfg = Release|Any CPU
		{397969EA-0434-4917-9D78-911B295E216A}.Release|Any CPU.Build.0 = Release|Any CPU
		{D3D689DF-4BC0-4BDD-8327-D30C1406F59B}.Debug|Any CPU.ActiveCfg = Debug|Any CPU
		{D3D689DF-4BC0-4BDD-8327-D30C1406F59B}.Debug|Any CPU.Build.0 = Debug|Any CPU
		{D3D689DF-4BC0-4BDD-8327-D30C1406F59B}.Release|Any CPU.ActiveCfg = Release|Any CPU
		{D3D689DF-4BC0-4BDD-8327-D30C1406F59B}.Release|Any CPU.Build.0 = Release|Any CPU
		{800EE0A0-9234-48EC-8C6D-03AFE7FD658D}.Debug|Any CPU.ActiveCfg = Debug|Any CPU
		{800EE0A0-9234-48EC-8C6D-03AFE7FD658D}.Debug|Any CPU.Build.0 = Debug|Any CPU
		{800EE0A0-9234-48EC-8C6D-03AFE7FD658D}.Release|Any CPU.ActiveCfg = Release|Any CPU
		{800EE0A0-9234-48EC-8C6D-03AFE7FD658D}.Release|Any CPU.Build.0 = Release|Any CPU
		{63738CAA-9C46-45A5-83DC-42B37BB57EA8}.Debug|Any CPU.ActiveCfg = Debug|Any CPU
		{63738CAA-9C46-45A5-83DC-42B37BB57EA8}.Debug|Any CPU.Build.0 = Debug|Any CPU
		{63738CAA-9C46-45A5-83DC-42B37BB57EA8}.Release|Any CPU.ActiveCfg = Release|Any CPU
		{63738CAA-9C46-45A5-83DC-42B37BB57EA8}.Release|Any CPU.Build.0 = Release|Any CPU
		{8A2E6CBB-9C6A-4910-92A1-977AA45F067E}.Debug|Any CPU.ActiveCfg = Debug|Any CPU
		{8A2E6CBB-9C6A-4910-92A1-977AA45F067E}.Debug|Any CPU.Build.0 = Debug|Any CPU
		{8A2E6CBB-9C6A-4910-92A1-977AA45F067E}.Release|Any CPU.ActiveCfg = Release|Any CPU
		{8A2E6CBB-9C6A-4910-92A1-977AA45F067E}.Release|Any CPU.Build.0 = Release|Any CPU
	EndGlobalSection
	GlobalSection(SolutionProperties) = preSolution
		HideSolutionNode = FALSE
	EndGlobalSection
	GlobalSection(ExtensibilityGlobals) = postSolution
		SolutionGuid = {1449F63F-80C9-40E6-86A5-352C07B3DE0A}
	EndGlobalSection
EndGlobal
