
Microsoft Visual Studio Solution File, Format Version 12.00
# Visual Studio Version 16
VisualStudioVersion = 16.0.30002.166
MinimumVisualStudioVersion = 10.0.40219.1
Project("{9A19103F-16F7-4668-BE54-9A1E7A4F7556}") = "BranchesApp.Example1", "BranchesApp.Example1\BranchesApp.Example1.csproj", "{7A4E098B-0713-4C88-B3B9-65938240DAF8}"
EndProject
Project("{9A19103F-16F7-4668-BE54-9A1E7A4F7556}") = "BranchesApp.Example6", "BranchesApp.Example6\BranchesApp.Example6.csproj", "{0D88B9D4-795A-4F3E-A445-CA635FD89AFB}"
EndProject
Project("{9A19103F-16F7-4668-BE54-9A1E7A4F7556}") = "BranchesApp.Example3", "BranchesApp.Example3\BranchesApp.Example3.csproj", "{DD8FA4EB-F23F-44D4-A65F-33AB495A2D45}"
EndProject
Project("{9A19103F-16F7-4668-BE54-9A1E7A4F7556}") = "BranchesApp.Example5", "BranchesApp.Example5\BranchesApp.Example5.csproj", "{A5CD701B-C9CE-4F65-9852-7C060F97AEF5}"
EndProject
Project("{9A19103F-16F7-4668-BE54-9A1E7A4F7556}") = "BranchesApp.Example7", "BranchesApp.Example7\BranchesApp.Example7.csproj", "{D9F647C6-C05D-4585-98A6-0617E6D4D321}"
EndProject
Project("{9A19103F-16F7-4668-BE54-9A1E7A4F7556}") = "BranchesApp.Example8", "BranchesApp.Example8\BranchesApp.Example8.csproj", "{067A1540-7AA0-4DCF-B609-7AD18ACFC772}"
EndProject
Project("{9A19103F-16F7-4668-BE54-9A1E7A4F7556}") = "BranchesApp.Example9", "BranchesApp.Example9\BranchesApp.Example9.csproj", "{9F7E276B-6A7C-444D-91DF-C2DBA957970A}"
EndProject
Project("{9A19103F-16F7-4668-BE54-9A1E7A4F7556}") = "BranchesApp.Example11", "BranchesApp.Example11\BranchesApp.Example11.csproj", "{58B08C20-52DC-48DD-8345-678D2A9F03BF}"
EndProject
Project("{9A19103F-16F7-4668-BE54-9A1E7A4F7556}") = "BranchesApp.Example4", "BranchesApp.Example4\BranchesApp.Example4.csproj", "{CAEA3A88-BAA4-4BDC-BBF4-333076F768FB}"
EndProject
Project("{2150E333-8FDC-42A3-9474-1A3956D46DE8}") = "IfElse", "IfElse", "{FAE0C6E8-FDCA-4010-BE2C-9F882828B060}"
EndProject
Project("{2150E333-8FDC-42A3-9474-1A3956D46DE8}") = "ConditionalOps", "ConditionalOps", "{FEE6B2A1-DE00-469C-A5F5-CB6071664B8A}"
EndProject
Project("{2150E333-8FDC-42A3-9474-1A3956D46DE8}") = "FromIfToSwitch", "FromIfToSwitch", "{37B93926-84B1-4867-8FAC-1AC56B69105D}"
EndProject
Project("{2150E333-8FDC-42A3-9474-1A3956D46DE8}") = "Switch", "Switch", "{778DE6EF-9D84-46F4-84C4-14F4FEB2C588}"
EndProject
Project("{2150E333-8FDC-42A3-9474-1A3956D46DE8}") = "SwitchMappings", "SwitchMappings", "{5B0D144F-C614-4615-85D0-BF330F1111D1}"
EndProject
Project("{FAE04EC0-301F-11D3-BF4B-00C04F79EFBC}") = "BranchesApp.Example2", "BranchesApp.Example2\BranchesApp.Example2.csproj", "{C30FF3D8-0B2B-4A72-AC81-56D17996F665}"
EndProject
Project("{FAE04EC0-301F-11D3-BF4B-00C04F79EFBC}") = "BranchesApp.Example10", "BranchesApp.Example10\BranchesApp.Example10.csproj", "{DC4743C5-8604-42A9-A678-396CE81A8C0A}"
EndProject
Global
	GlobalSection(SolutionConfigurationPlatforms) = preSolution
		Debug|Any CPU = Debug|Any CPU
		Release|Any CPU = Release|Any CPU
	EndGlobalSection
	GlobalSection(ProjectConfigurationPlatforms) = postSolution
		{7A4E098B-0713-4C88-B3B9-65938240DAF8}.Debug|Any CPU.ActiveCfg = Debug|Any CPU
		{7A4E098B-0713-4C88-B3B9-65938240DAF8}.Debug|Any CPU.Build.0 = Debug|Any CPU
		{7A4E098B-0713-4C88-B3B9-65938240DAF8}.Release|Any CPU.ActiveCfg = Release|Any CPU
		{7A4E098B-0713-4C88-B3B9-65938240DAF8}.Release|Any CPU.Build.0 = Release|Any CPU
		{0D88B9D4-795A-4F3E-A445-CA635FD89AFB}.Debug|Any CPU.ActiveCfg = Debug|Any CPU
		{0D88B9D4-795A-4F3E-A445-CA635FD89AFB}.Debug|Any CPU.Build.0 = Debug|Any CPU
		{0D88B9D4-795A-4F3E-A445-CA635FD89AFB}.Release|Any CPU.ActiveCfg = Release|Any CPU
		{0D88B9D4-795A-4F3E-A445-CA635FD89AFB}.Release|Any CPU.Build.0 = Release|Any CPU
		{DD8FA4EB-F23F-44D4-A65F-33AB495A2D45}.Debug|Any CPU.ActiveCfg = Debug|Any CPU
		{DD8FA4EB-F23F-44D4-A65F-33AB495A2D45}.Debug|Any CPU.Build.0 = Debug|Any CPU
		{DD8FA4EB-F23F-44D4-A65F-33AB495A2D45}.Release|Any CPU.ActiveCfg = Release|Any CPU
		{DD8FA4EB-F23F-44D4-A65F-33AB495A2D45}.Release|Any CPU.Build.0 = Release|Any CPU
		{A5CD701B-C9CE-4F65-9852-7C060F97AEF5}.Debug|Any CPU.ActiveCfg = Debug|Any CPU
		{A5CD701B-C9CE-4F65-9852-7C060F97AEF5}.Debug|Any CPU.Build.0 = Debug|Any CPU
		{A5CD701B-C9CE-4F65-9852-7C060F97AEF5}.Release|Any CPU.ActiveCfg = Release|Any CPU
		{A5CD701B-C9CE-4F65-9852-7C060F97AEF5}.Release|Any CPU.Build.0 = Release|Any CPU
		{D9F647C6-C05D-4585-98A6-0617E6D4D321}.Debug|Any CPU.ActiveCfg = Debug|Any CPU
		{D9F647C6-C05D-4585-98A6-0617E6D4D321}.Debug|Any CPU.Build.0 = Debug|Any CPU
		{D9F647C6-C05D-4585-98A6-0617E6D4D321}.Release|Any CPU.ActiveCfg = Release|Any CPU
		{D9F647C6-C05D-4585-98A6-0617E6D4D321}.Release|Any CPU.Build.0 = Release|Any CPU
		{067A1540-7AA0-4DCF-B609-7AD18ACFC772}.Debug|Any CPU.ActiveCfg = Debug|Any CPU
		{067A1540-7AA0-4DCF-B609-7AD18ACFC772}.Debug|Any CPU.Build.0 = Debug|Any CPU
		{067A1540-7AA0-4DCF-B609-7AD18ACFC772}.Release|Any CPU.ActiveCfg = Release|Any CPU
		{067A1540-7AA0-4DCF-B609-7AD18ACFC772}.Release|Any CPU.Build.0 = Release|Any CPU
		{9F7E276B-6A7C-444D-91DF-C2DBA957970A}.Debug|Any CPU.ActiveCfg = Debug|Any CPU
		{9F7E276B-6A7C-444D-91DF-C2DBA957970A}.Debug|Any CPU.Build.0 = Debug|Any CPU
		{9F7E276B-6A7C-444D-91DF-C2DBA957970A}.Release|Any CPU.ActiveCfg = Release|Any CPU
		{9F7E276B-6A7C-444D-91DF-C2DBA957970A}.Release|Any CPU.Build.0 = Release|Any CPU
		{58B08C20-52DC-48DD-8345-678D2A9F03BF}.Debug|Any CPU.ActiveCfg = Debug|Any CPU
		{58B08C20-52DC-48DD-8345-678D2A9F03BF}.Debug|Any CPU.Build.0 = Debug|Any CPU
		{58B08C20-52DC-48DD-8345-678D2A9F03BF}.Release|Any CPU.ActiveCfg = Release|Any CPU
		{58B08C20-52DC-48DD-8345-678D2A9F03BF}.Release|Any CPU.Build.0 = Release|Any CPU
		{CAEA3A88-BAA4-4BDC-BBF4-333076F768FB}.Debug|Any CPU.ActiveCfg = Debug|Any CPU
		{CAEA3A88-BAA4-4BDC-BBF4-333076F768FB}.Debug|Any CPU.Build.0 = Debug|Any CPU
		{CAEA3A88-BAA4-4BDC-BBF4-333076F768FB}.Release|Any CPU.ActiveCfg = Release|Any CPU
		{CAEA3A88-BAA4-4BDC-BBF4-333076F768FB}.Release|Any CPU.Build.0 = Release|Any CPU
		{C30FF3D8-0B2B-4A72-AC81-56D17996F665}.Debug|Any CPU.ActiveCfg = Debug|Any CPU
		{C30FF3D8-0B2B-4A72-AC81-56D17996F665}.Debug|Any CPU.Build.0 = Debug|Any CPU
		{C30FF3D8-0B2B-4A72-AC81-56D17996F665}.Release|Any CPU.ActiveCfg = Release|Any CPU
		{C30FF3D8-0B2B-4A72-AC81-56D17996F665}.Release|Any CPU.Build.0 = Release|Any CPU
		{DC4743C5-8604-42A9-A678-396CE81A8C0A}.Debug|Any CPU.ActiveCfg = Debug|Any CPU
		{DC4743C5-8604-42A9-A678-396CE81A8C0A}.Debug|Any CPU.Build.0 = Debug|Any CPU
		{DC4743C5-8604-42A9-A678-396CE81A8C0A}.Release|Any CPU.ActiveCfg = Release|Any CPU
		{DC4743C5-8604-42A9-A678-396CE81A8C0A}.Release|Any CPU.Build.0 = Release|Any CPU
	EndGlobalSection
	GlobalSection(SolutionProperties) = preSolution
		HideSolutionNode = FALSE
	EndGlobalSection
	GlobalSection(NestedProjects) = preSolution
		{7A4E098B-0713-4C88-B3B9-65938240DAF8} = {FAE0C6E8-FDCA-4010-BE2C-9F882828B060}
		{0D88B9D4-795A-4F3E-A445-CA635FD89AFB} = {37B93926-84B1-4867-8FAC-1AC56B69105D}
		{DD8FA4EB-F23F-44D4-A65F-33AB495A2D45} = {FEE6B2A1-DE00-469C-A5F5-CB6071664B8A}
		{A5CD701B-C9CE-4F65-9852-7C060F97AEF5} = {37B93926-84B1-4867-8FAC-1AC56B69105D}
		{D9F647C6-C05D-4585-98A6-0617E6D4D321} = {37B93926-84B1-4867-8FAC-1AC56B69105D}
		{067A1540-7AA0-4DCF-B609-7AD18ACFC772} = {778DE6EF-9D84-46F4-84C4-14F4FEB2C588}
		{9F7E276B-6A7C-444D-91DF-C2DBA957970A} = {778DE6EF-9D84-46F4-84C4-14F4FEB2C588}
		{58B08C20-52DC-48DD-8345-678D2A9F03BF} = {5B0D144F-C614-4615-85D0-BF330F1111D1}
		{CAEA3A88-BAA4-4BDC-BBF4-333076F768FB} = {FEE6B2A1-DE00-469C-A5F5-CB6071664B8A}
		{C30FF3D8-0B2B-4A72-AC81-56D17996F665} = {FAE0C6E8-FDCA-4010-BE2C-9F882828B060}
		{DC4743C5-8604-42A9-A678-396CE81A8C0A} = {778DE6EF-9D84-46F4-84C4-14F4FEB2C588}
	EndGlobalSection
	GlobalSection(ExtensibilityGlobals) = postSolution
		SolutionGuid = {10901661-C387-4387-8A05-CEEBCD0CA7B1}
	EndGlobalSection
EndGlobal
