
Microsoft Visual Studio Solution File, Format Version 12.00
# Visual Studio Version 16
VisualStudioVersion = 16.0.30002.166
MinimumVisualStudioVersion = 10.0.40219.1
Project("{9A19103F-16F7-4668-BE54-9A1E7A4F7556}") = "Tasks.Example1", "Tasks.Example1\Tasks.Example1.csproj", "{A6994A45-DAF5-4179-9DB2-C6A3646E1386}"
EndProject
Project("{9A19103F-16F7-4668-BE54-9A1E7A4F7556}") = "Tasks.Shared", "Tasks.Shared\Tasks.Shared.csproj", "{7C13DEBD-8098-40FE-8D1D-4BEDA6372E6D}"
EndProject
Project("{2150E333-8FDC-42A3-9474-1A3956D46DE8}") = "Tpl", "Tpl", "{630045D8-C441-4357-AEC2-180FAD48424D}"
EndProject
Project("{9A19103F-16F7-4668-BE54-9A1E7A4F7556}") = "Tasks.Example2", "Tasks.Example2\Tasks.Example2.csproj", "{1BC12D52-69C5-47CA-9510-2F60A5CC5696}"
EndProject
Project("{9A19103F-16F7-4668-BE54-9A1E7A4F7556}") = "Tasks.Example3", "Tasks.Example3\Tasks.Example3.csproj", "{CD476CAD-BFD9-4848-82FB-4F431D83F31F}"
EndProject
Project("{9A19103F-16F7-4668-BE54-9A1E7A4F7556}") = "Tasks.Example4", "Tasks.Example4\Tasks.Example4.csproj", "{7795CFD4-4347-4F18-95B9-E6542BD5BF59}"
EndProject
Project("{9A19103F-16F7-4668-BE54-9A1E7A4F7556}") = "Tasks.Example5", "Tasks.Example5\Tasks.Example5.csproj", "{4B1E0B1F-900F-4338-80E5-B28C17795383}"
EndProject
Project("{2150E333-8FDC-42A3-9474-1A3956D46DE8}") = "Async", "Async", "{72419DCE-E023-43B5-8FE5-4BD881326C64}"
EndProject
Project("{9A19103F-16F7-4668-BE54-9A1E7A4F7556}") = "Tasks.Example6", "Tasks.Example6\Tasks.Example6.csproj", "{B46A8480-E651-4D39-9FE4-A4191763CFD7}"
EndProject
Project("{9A19103F-16F7-4668-BE54-9A1E7A4F7556}") = "Tasks.Example7", "Tasks.Example7\Tasks.Example7.csproj", "{F1CED859-AD30-4BA4-B555-C64539017972}"
EndProject
Project("{2150E333-8FDC-42A3-9474-1A3956D46DE8}") = "Tap", "Tap", "{FB181028-4946-4F85-8969-813F175D4CA8}"
EndProject
Project("{9A19103F-16F7-4668-BE54-9A1E7A4F7556}") = "Tasks.Example8", "Tasks.Example8\Tasks.Example8.csproj", "{565E1995-65B1-4C0A-A212-6AA612AAFF4F}"
EndProject
Project("{9A19103F-16F7-4668-BE54-9A1E7A4F7556}") = "Tasks.Example9", "Tasks.Example9\Tasks.Example9.csproj", "{1C4B2D55-225A-4BC4-A097-6A2525F8BDE6}"
EndProject
Project("{9A19103F-16F7-4668-BE54-9A1E7A4F7556}") = "Tasks.Example10", "Tasks.Example10\Tasks.Example10.csproj", "{C2CAD13A-72A3-499E-B3C5-9B9CE1986F6E}"
EndProject
Project("{9A19103F-16F7-4668-BE54-9A1E7A4F7556}") = "Tasks.Example11", "Tasks.Example11\Tasks.Example11.csproj", "{E8A7D0BD-8D12-4F7D-9AE7-56BEE58A9E36}"
EndProject
Project("{9A19103F-16F7-4668-BE54-9A1E7A4F7556}") = "Tasks.Examlpe12", "Tasks.Examlpe12\Tasks.Examlpe12.csproj", "{9DD0CD48-478D-4683-8867-71313144F927}"
EndProject
Project("{2150E333-8FDC-42A3-9474-1A3956D46DE8}") = "SyncContext", "SyncContext", "{D49558A6-52A5-4911-82B8-0968FDC74C84}"
EndProject
Project("{FAE04EC0-301F-11D3-BF4B-00C04F79EFBC}") = "Tasks.Example13", "Tasks.Example13\Tasks.Example13.csproj", "{EE69EA62-F75C-46A3-A08D-28FEE8DE4945}"
EndProject
Global
	GlobalSection(SolutionConfigurationPlatforms) = preSolution
		Debug|Any CPU = Debug|Any CPU
		Release|Any CPU = Release|Any CPU
	EndGlobalSection
	GlobalSection(ProjectConfigurationPlatforms) = postSolution
		{A6994A45-DAF5-4179-9DB2-C6A3646E1386}.Debug|Any CPU.ActiveCfg = Debug|Any CPU
		{A6994A45-DAF5-4179-9DB2-C6A3646E1386}.Debug|Any CPU.Build.0 = Debug|Any CPU
		{A6994A45-DAF5-4179-9DB2-C6A3646E1386}.Release|Any CPU.ActiveCfg = Release|Any CPU
		{A6994A45-DAF5-4179-9DB2-C6A3646E1386}.Release|Any CPU.Build.0 = Release|Any CPU
		{7C13DEBD-8098-40FE-8D1D-4BEDA6372E6D}.Debug|Any CPU.ActiveCfg = Debug|Any CPU
		{7C13DEBD-8098-40FE-8D1D-4BEDA6372E6D}.Debug|Any CPU.Build.0 = Debug|Any CPU
		{7C13DEBD-8098-40FE-8D1D-4BEDA6372E6D}.Release|Any CPU.ActiveCfg = Release|Any CPU
		{7C13DEBD-8098-40FE-8D1D-4BEDA6372E6D}.Release|Any CPU.Build.0 = Release|Any CPU
		{1BC12D52-69C5-47CA-9510-2F60A5CC5696}.Debug|Any CPU.ActiveCfg = Debug|Any CPU
		{1BC12D52-69C5-47CA-9510-2F60A5CC5696}.Debug|Any CPU.Build.0 = Debug|Any CPU
		{1BC12D52-69C5-47CA-9510-2F60A5CC5696}.Release|Any CPU.ActiveCfg = Release|Any CPU
		{1BC12D52-69C5-47CA-9510-2F60A5CC5696}.Release|Any CPU.Build.0 = Release|Any CPU
		{CD476CAD-BFD9-4848-82FB-4F431D83F31F}.Debug|Any CPU.ActiveCfg = Debug|Any CPU
		{CD476CAD-BFD9-4848-82FB-4F431D83F31F}.Debug|Any CPU.Build.0 = Debug|Any CPU
		{CD476CAD-BFD9-4848-82FB-4F431D83F31F}.Release|Any CPU.ActiveCfg = Release|Any CPU
		{CD476CAD-BFD9-4848-82FB-4F431D83F31F}.Release|Any CPU.Build.0 = Release|Any CPU
		{7795CFD4-4347-4F18-95B9-E6542BD5BF59}.Debug|Any CPU.ActiveCfg = Debug|Any CPU
		{7795CFD4-4347-4F18-95B9-E6542BD5BF59}.Debug|Any CPU.Build.0 = Debug|Any CPU
		{7795CFD4-4347-4F18-95B9-E6542BD5BF59}.Release|Any CPU.ActiveCfg = Release|Any CPU
		{7795CFD4-4347-4F18-95B9-E6542BD5BF59}.Release|Any CPU.Build.0 = Release|Any CPU
		{4B1E0B1F-900F-4338-80E5-B28C17795383}.Debug|Any CPU.ActiveCfg = Debug|Any CPU
		{4B1E0B1F-900F-4338-80E5-B28C17795383}.Debug|Any CPU.Build.0 = Debug|Any CPU
		{4B1E0B1F-900F-4338-80E5-B28C17795383}.Release|Any CPU.ActiveCfg = Release|Any CPU
		{4B1E0B1F-900F-4338-80E5-B28C17795383}.Release|Any CPU.Build.0 = Release|Any CPU
		{B46A8480-E651-4D39-9FE4-A4191763CFD7}.Debug|Any CPU.ActiveCfg = Debug|Any CPU
		{B46A8480-E651-4D39-9FE4-A4191763CFD7}.Debug|Any CPU.Build.0 = Debug|Any CPU
		{B46A8480-E651-4D39-9FE4-A4191763CFD7}.Release|Any CPU.ActiveCfg = Release|Any CPU
		{B46A8480-E651-4D39-9FE4-A4191763CFD7}.Release|Any CPU.Build.0 = Release|Any CPU
		{F1CED859-AD30-4BA4-B555-C64539017972}.Debug|Any CPU.ActiveCfg = Debug|Any CPU
		{F1CED859-AD30-4BA4-B555-C64539017972}.Debug|Any CPU.Build.0 = Debug|Any CPU
		{F1CED859-AD30-4BA4-B555-C64539017972}.Release|Any CPU.ActiveCfg = Release|Any CPU
		{F1CED859-AD30-4BA4-B555-C64539017972}.Release|Any CPU.Build.0 = Release|Any CPU
		{565E1995-65B1-4C0A-A212-6AA612AAFF4F}.Debug|Any CPU.ActiveCfg = Debug|Any CPU
		{565E1995-65B1-4C0A-A212-6AA612AAFF4F}.Debug|Any CPU.Build.0 = Debug|Any CPU
		{565E1995-65B1-4C0A-A212-6AA612AAFF4F}.Release|Any CPU.ActiveCfg = Release|Any CPU
		{565E1995-65B1-4C0A-A212-6AA612AAFF4F}.Release|Any CPU.Build.0 = Release|Any CPU
		{1C4B2D55-225A-4BC4-A097-6A2525F8BDE6}.Debug|Any CPU.ActiveCfg = Debug|Any CPU
		{1C4B2D55-225A-4BC4-A097-6A2525F8BDE6}.Debug|Any CPU.Build.0 = Debug|Any CPU
		{1C4B2D55-225A-4BC4-A097-6A2525F8BDE6}.Release|Any CPU.ActiveCfg = Release|Any CPU
		{1C4B2D55-225A-4BC4-A097-6A2525F8BDE6}.Release|Any CPU.Build.0 = Release|Any CPU
		{C2CAD13A-72A3-499E-B3C5-9B9CE1986F6E}.Debug|Any CPU.ActiveCfg = Debug|Any CPU
		{C2CAD13A-72A3-499E-B3C5-9B9CE1986F6E}.Debug|Any CPU.Build.0 = Debug|Any CPU
		{C2CAD13A-72A3-499E-B3C5-9B9CE1986F6E}.Release|Any CPU.ActiveCfg = Release|Any CPU
		{C2CAD13A-72A3-499E-B3C5-9B9CE1986F6E}.Release|Any CPU.Build.0 = Release|Any CPU
		{E8A7D0BD-8D12-4F7D-9AE7-56BEE58A9E36}.Debug|Any CPU.ActiveCfg = Debug|Any CPU
		{E8A7D0BD-8D12-4F7D-9AE7-56BEE58A9E36}.Debug|Any CPU.Build.0 = Debug|Any CPU
		{E8A7D0BD-8D12-4F7D-9AE7-56BEE58A9E36}.Release|Any CPU.ActiveCfg = Release|Any CPU
		{E8A7D0BD-8D12-4F7D-9AE7-56BEE58A9E36}.Release|Any CPU.Build.0 = Release|Any CPU
		{9DD0CD48-478D-4683-8867-71313144F927}.Debug|Any CPU.ActiveCfg = Debug|Any CPU
		{9DD0CD48-478D-4683-8867-71313144F927}.Debug|Any CPU.Build.0 = Debug|Any CPU
		{9DD0CD48-478D-4683-8867-71313144F927}.Release|Any CPU.ActiveCfg = Release|Any CPU
		{9DD0CD48-478D-4683-8867-71313144F927}.Release|Any CPU.Build.0 = Release|Any CPU
		{EE69EA62-F75C-46A3-A08D-28FEE8DE4945}.Debug|Any CPU.ActiveCfg = Debug|Any CPU
		{EE69EA62-F75C-46A3-A08D-28FEE8DE4945}.Debug|Any CPU.Build.0 = Debug|Any CPU
		{EE69EA62-F75C-46A3-A08D-28FEE8DE4945}.Release|Any CPU.ActiveCfg = Release|Any CPU
		{EE69EA62-F75C-46A3-A08D-28FEE8DE4945}.Release|Any CPU.Build.0 = Release|Any CPU
	EndGlobalSection
	GlobalSection(SolutionProperties) = preSolution
		HideSolutionNode = FALSE
	EndGlobalSection
	GlobalSection(NestedProjects) = preSolution
		{A6994A45-DAF5-4179-9DB2-C6A3646E1386} = {630045D8-C441-4357-AEC2-180FAD48424D}
		{1BC12D52-69C5-47CA-9510-2F60A5CC5696} = {630045D8-C441-4357-AEC2-180FAD48424D}
		{CD476CAD-BFD9-4848-82FB-4F431D83F31F} = {630045D8-C441-4357-AEC2-180FAD48424D}
		{7795CFD4-4347-4F18-95B9-E6542BD5BF59} = {630045D8-C441-4357-AEC2-180FAD48424D}
		{4B1E0B1F-900F-4338-80E5-B28C17795383} = {630045D8-C441-4357-AEC2-180FAD48424D}
		{B46A8480-E651-4D39-9FE4-A4191763CFD7} = {72419DCE-E023-43B5-8FE5-4BD881326C64}
		{F1CED859-AD30-4BA4-B555-C64539017972} = {72419DCE-E023-43B5-8FE5-4BD881326C64}
		{565E1995-65B1-4C0A-A212-6AA612AAFF4F} = {72419DCE-E023-43B5-8FE5-4BD881326C64}
		{1C4B2D55-225A-4BC4-A097-6A2525F8BDE6} = {72419DCE-E023-43B5-8FE5-4BD881326C64}
		{C2CAD13A-72A3-499E-B3C5-9B9CE1986F6E} = {72419DCE-E023-43B5-8FE5-4BD881326C64}
		{E8A7D0BD-8D12-4F7D-9AE7-56BEE58A9E36} = {FB181028-4946-4F85-8969-813F175D4CA8}
		{9DD0CD48-478D-4683-8867-71313144F927} = {FB181028-4946-4F85-8969-813F175D4CA8}
		{EE69EA62-F75C-46A3-A08D-28FEE8DE4945} = {D49558A6-52A5-4911-82B8-0968FDC74C84}
	EndGlobalSection
	GlobalSection(ExtensibilityGlobals) = postSolution
		SolutionGuid = {8CBB0F45-2B84-4A21-9A3A-BB42C4897F18}
	EndGlobalSection
EndGlobal
