
Microsoft Visual Studio Solution File, Format Version 12.00
# Visual Studio Version 16
VisualStudioVersion = 16.0.30804.86
MinimumVisualStudioVersion = 10.0.40219.1
Project("{9A19103F-16F7-4668-BE54-9A1E7A4F7556}") = "RequestProcessor.App", "RequestProcessor.App\RequestProcessor.App.csproj", "{A2D403D5-EB8C-4B46-817F-9E71504EF8C0}"
EndProject
Project("{FAE04EC0-301F-11D3-BF4B-00C04F79EFBC}") = "RequestService", "RequestService\RequestService.csproj", "{06085C4D-23CC-4E2B-9192-4B93DD393D8D}"
EndProject
Global
	GlobalSection(SolutionConfigurationPlatforms) = preSolution
		Debug|Any CPU = Debug|Any CPU
		Release|Any CPU = Release|Any CPU
	EndGlobalSection
	GlobalSection(ProjectConfigurationPlatforms) = postSolution
		{A2D403D5-EB8C-4B46-817F-9E71504EF8C0}.Debug|Any CPU.ActiveCfg = Debug|Any CPU
		{A2D403D5-EB8C-4B46-817F-9E71504EF8C0}.Debug|Any CPU.Build.0 = Debug|Any CPU
		{A2D403D5-EB8C-4B46-817F-9E71504EF8C0}.Release|Any CPU.ActiveCfg = Release|Any CPU
		{A2D403D5-EB8C-4B46-817F-9E71504EF8C0}.Release|Any CPU.Build.0 = Release|Any CPU
		{06085C4D-23CC-4E2B-9192-4B93DD393D8D}.Debug|Any CPU.ActiveCfg = Debug|Any CPU
		{06085C4D-23CC-4E2B-9192-4B93DD393D8D}.Debug|Any CPU.Build.0 = Debug|Any CPU
		{06085C4D-23CC-4E2B-9192-4B93DD393D8D}.Release|Any CPU.ActiveCfg = Release|Any CPU
		{06085C4D-23CC-4E2B-9192-4B93DD393D8D}.Release|Any CPU.Build.0 = Release|Any CPU
	EndGlobalSection
	GlobalSection(SolutionProperties) = preSolution
		HideSolutionNode = FALSE
	EndGlobalSection
	GlobalSection(ExtensibilityGlobals) = postSolution
		SolutionGuid = {BC5B864F-3872-465D-81B1-B60D83090BB0}
	EndGlobalSection
EndGlobal
