
Microsoft Visual Studio Solution File, Format Version 12.00
# Visual Studio Version 16
VisualStudioVersion = 16.0.30002.166
MinimumVisualStudioVersion = 10.0.40219.1
Project("{9A19103F-16F7-4668-BE54-9A1E7A4F7556}") = "Loops.Do.Example1", "Loops.Do.Example1\Loops.Do.Example1.csproj", "{D59679ED-015B-4362-A7F3-B3475D69349F}"
EndProject
Project("{9A19103F-16F7-4668-BE54-9A1E7A4F7556}") = "Loops.Do.Example2", "Loops.Do.Example2\Loops.Do.Example2.csproj", "{2A1D31DF-9643-47C8-8662-A1312B24345B}"
EndProject
Project("{9A19103F-16F7-4668-BE54-9A1E7A4F7556}") = "Loops.While.Example1", "Loops.While.Example1\Loops.While.Example1.csproj", "{34EC2B57-A10E-4E33-A589-F21C57EC3782}"
EndProject
Project("{9A19103F-16F7-4668-BE54-9A1E7A4F7556}") = "Loops.While.Example2", "Loops.While.Example2\Loops.While.Example2.csproj", "{DCEBC05C-681B-4317-8CA0-EFB631DAAD2D}"
EndProject
Project("{9A19103F-16F7-4668-BE54-9A1E7A4F7556}") = "Loops.For.Example1", "Loops.While.Example3\Loops.For.Example1.csproj", "{2E0B27D9-075D-429A-A89A-8588C7BDBA0E}"
EndProject
Project("{9A19103F-16F7-4668-BE54-9A1E7A4F7556}") = "Loops.Foreach.Example1", "Loops.Foreach.Example1\Loops.Foreach.Example1.csproj", "{892BB62E-ABD4-4A39-99BF-ABF42A69B1F1}"
EndProject
Project("{9A19103F-16F7-4668-BE54-9A1E7A4F7556}") = "Loops.For.Example2", "Loops.For.Example2\Loops.For.Example2.csproj", "{66C1E1BE-DD1E-40A6-98C8-F2FB618F15B4}"
EndProject
Project("{2150E333-8FDC-42A3-9474-1A3956D46DE8}") = "Do", "Do", "{F87EFE8B-3A4E-44E8-A941-D9FB4FFE0703}"
EndProject
Project("{2150E333-8FDC-42A3-9474-1A3956D46DE8}") = "While", "While", "{4AC009DC-01F4-42F9-94EE-22A6C296F0DD}"
EndProject
Project("{2150E333-8FDC-42A3-9474-1A3956D46DE8}") = "For", "For", "{57CF8E09-C11B-4DEE-8C23-DACAEE5698FB}"
EndProject
Project("{2150E333-8FDC-42A3-9474-1A3956D46DE8}") = "Foreach", "Foreach", "{8C434FEC-6010-4971-86CD-D30EE1CFD493}"
EndProject
Project("{2150E333-8FDC-42A3-9474-1A3956D46DE8}") = "Breaks", "Breaks", "{7E6E2C42-5090-4F55-9403-DEE5BCEF015C}"
EndProject
Project("{9A19103F-16F7-4668-BE54-9A1E7A4F7556}") = "Loops.For.Example3", "Loops.For.Example3\Loops.For.Example3.csproj", "{93DC352A-DC50-4DE7-BBB4-A1E3A221EA36}"
EndProject
Project("{9A19103F-16F7-4668-BE54-9A1E7A4F7556}") = "Loops.Foreach.Example2", "Loops.Foreach.Example2\Loops.Foreach.Example2.csproj", "{0B2CC3C9-D7CB-4DD0-BEA4-82AEA9E56E3C}"
EndProject
Project("{9A19103F-16F7-4668-BE54-9A1E7A4F7556}") = "Loops.Yield.Example1", "Loops.Yield.Example1\Loops.Yield.Example1.csproj", "{2285190B-38D2-4C71-A4E3-596704F492A3}"
EndProject
Project("{9A19103F-16F7-4668-BE54-9A1E7A4F7556}") = "Loops.Breaks.Example1", "Loops.Breaks.Example1\Loops.Breaks.Example1.csproj", "{70A33AE3-C2DC-4833-8798-F613F5A1546D}"
EndProject
Project("{2150E333-8FDC-42A3-9474-1A3956D46DE8}") = "NestedLoops", "NestedLoops", "{49E92FFF-A484-40CE-A7B0-E30A96268C0D}"
EndProject
Project("{9A19103F-16F7-4668-BE54-9A1E7A4F7556}") = "Loops.NestedLoops.Example1", "Loops.NestedLoops.Example1\Loops.NestedLoops.Example1.csproj", "{06FDA847-0CC5-4F1F-BF88-85834FAE3B86}"
EndProject
Project("{9A19103F-16F7-4668-BE54-9A1E7A4F7556}") = "Loops.NestedLoops.Example2", "Loops.NestedLoops.Example2\Loops.NestedLoops.Example2.csproj", "{93A592B4-18E0-4AE6-A82A-1E31A27A099C}"
EndProject
Project("{FAE04EC0-301F-11D3-BF4B-00C04F79EFBC}") = "Loops.SimpleStack.Example1", "Loops.SimpleStack.Example1\Loops.SimpleStack.Example1.csproj", "{7E2C63E8-EA16-4975-8F53-A9F6AFDD7935}"
EndProject
Global
	GlobalSection(SolutionConfigurationPlatforms) = preSolution
		Debug|Any CPU = Debug|Any CPU
		Release|Any CPU = Release|Any CPU
	EndGlobalSection
	GlobalSection(ProjectConfigurationPlatforms) = postSolution
		{D59679ED-015B-4362-A7F3-B3475D69349F}.Debug|Any CPU.ActiveCfg = Debug|Any CPU
		{D59679ED-015B-4362-A7F3-B3475D69349F}.Debug|Any CPU.Build.0 = Debug|Any CPU
		{D59679ED-015B-4362-A7F3-B3475D69349F}.Release|Any CPU.ActiveCfg = Release|Any CPU
		{D59679ED-015B-4362-A7F3-B3475D69349F}.Release|Any CPU.Build.0 = Release|Any CPU
		{2A1D31DF-9643-47C8-8662-A1312B24345B}.Debug|Any CPU.ActiveCfg = Debug|Any CPU
		{2A1D31DF-9643-47C8-8662-A1312B24345B}.Debug|Any CPU.Build.0 = Debug|Any CPU
		{2A1D31DF-9643-47C8-8662-A1312B24345B}.Release|Any CPU.ActiveCfg = Release|Any CPU
		{2A1D31DF-9643-47C8-8662-A1312B24345B}.Release|Any CPU.Build.0 = Release|Any CPU
		{34EC2B57-A10E-4E33-A589-F21C57EC3782}.Debug|Any CPU.ActiveCfg = Debug|Any CPU
		{34EC2B57-A10E-4E33-A589-F21C57EC3782}.Debug|Any CPU.Build.0 = Debug|Any CPU
		{34EC2B57-A10E-4E33-A589-F21C57EC3782}.Release|Any CPU.ActiveCfg = Release|Any CPU
		{34EC2B57-A10E-4E33-A589-F21C57EC3782}.Release|Any CPU.Build.0 = Release|Any CPU
		{DCEBC05C-681B-4317-8CA0-EFB631DAAD2D}.Debug|Any CPU.ActiveCfg = Debug|Any CPU
		{DCEBC05C-681B-4317-8CA0-EFB631DAAD2D}.Debug|Any CPU.Build.0 = Debug|Any CPU
		{DCEBC05C-681B-4317-8CA0-EFB631DAAD2D}.Release|Any CPU.ActiveCfg = Release|Any CPU
		{DCEBC05C-681B-4317-8CA0-EFB631DAAD2D}.Release|Any CPU.Build.0 = Release|Any CPU
		{2E0B27D9-075D-429A-A89A-8588C7BDBA0E}.Debug|Any CPU.ActiveCfg = Debug|Any CPU
		{2E0B27D9-075D-429A-A89A-8588C7BDBA0E}.Debug|Any CPU.Build.0 = Debug|Any CPU
		{2E0B27D9-075D-429A-A89A-8588C7BDBA0E}.Release|Any CPU.ActiveCfg = Release|Any CPU
		{2E0B27D9-075D-429A-A89A-8588C7BDBA0E}.Release|Any CPU.Build.0 = Release|Any CPU
		{892BB62E-ABD4-4A39-99BF-ABF42A69B1F1}.Debug|Any CPU.ActiveCfg = Debug|Any CPU
		{892BB62E-ABD4-4A39-99BF-ABF42A69B1F1}.Debug|Any CPU.Build.0 = Debug|Any CPU
		{892BB62E-ABD4-4A39-99BF-ABF42A69B1F1}.Release|Any CPU.ActiveCfg = Release|Any CPU
		{892BB62E-ABD4-4A39-99BF-ABF42A69B1F1}.Release|Any CPU.Build.0 = Release|Any CPU
		{66C1E1BE-DD1E-40A6-98C8-F2FB618F15B4}.Debug|Any CPU.ActiveCfg = Debug|Any CPU
		{66C1E1BE-DD1E-40A6-98C8-F2FB618F15B4}.Debug|Any CPU.Build.0 = Debug|Any CPU
		{66C1E1BE-DD1E-40A6-98C8-F2FB618F15B4}.Release|Any CPU.ActiveCfg = Release|Any CPU
		{66C1E1BE-DD1E-40A6-98C8-F2FB618F15B4}.Release|Any CPU.Build.0 = Release|Any CPU
		{93DC352A-DC50-4DE7-BBB4-A1E3A221EA36}.Debug|Any CPU.ActiveCfg = Debug|Any CPU
		{93DC352A-DC50-4DE7-BBB4-A1E3A221EA36}.Debug|Any CPU.Build.0 = Debug|Any CPU
		{93DC352A-DC50-4DE7-BBB4-A1E3A221EA36}.Release|Any CPU.ActiveCfg = Release|Any CPU
		{93DC352A-DC50-4DE7-BBB4-A1E3A221EA36}.Release|Any CPU.Build.0 = Release|Any CPU
		{0B2CC3C9-D7CB-4DD0-BEA4-82AEA9E56E3C}.Debug|Any CPU.ActiveCfg = Debug|Any CPU
		{0B2CC3C9-D7CB-4DD0-BEA4-82AEA9E56E3C}.Debug|Any CPU.Build.0 = Debug|Any CPU
		{0B2CC3C9-D7CB-4DD0-BEA4-82AEA9E56E3C}.Release|Any CPU.ActiveCfg = Release|Any CPU
		{0B2CC3C9-D7CB-4DD0-BEA4-82AEA9E56E3C}.Release|Any CPU.Build.0 = Release|Any CPU
		{2285190B-38D2-4C71-A4E3-596704F492A3}.Debug|Any CPU.ActiveCfg = Debug|Any CPU
		{2285190B-38D2-4C71-A4E3-596704F492A3}.Debug|Any CPU.Build.0 = Debug|Any CPU
		{2285190B-38D2-4C71-A4E3-596704F492A3}.Release|Any CPU.ActiveCfg = Release|Any CPU
		{2285190B-38D2-4C71-A4E3-596704F492A3}.Release|Any CPU.Build.0 = Release|Any CPU
		{70A33AE3-C2DC-4833-8798-F613F5A1546D}.Debug|Any CPU.ActiveCfg = Debug|Any CPU
		{70A33AE3-C2DC-4833-8798-F613F5A1546D}.Debug|Any CPU.Build.0 = Debug|Any CPU
		{70A33AE3-C2DC-4833-8798-F613F5A1546D}.Release|Any CPU.ActiveCfg = Release|Any CPU
		{70A33AE3-C2DC-4833-8798-F613F5A1546D}.Release|Any CPU.Build.0 = Release|Any CPU
		{06FDA847-0CC5-4F1F-BF88-85834FAE3B86}.Debug|Any CPU.ActiveCfg = Debug|Any CPU
		{06FDA847-0CC5-4F1F-BF88-85834FAE3B86}.Debug|Any CPU.Build.0 = Debug|Any CPU
		{06FDA847-0CC5-4F1F-BF88-85834FAE3B86}.Release|Any CPU.ActiveCfg = Release|Any CPU
		{06FDA847-0CC5-4F1F-BF88-85834FAE3B86}.Release|Any CPU.Build.0 = Release|Any CPU
		{93A592B4-18E0-4AE6-A82A-1E31A27A099C}.Debug|Any CPU.ActiveCfg = Debug|Any CPU
		{93A592B4-18E0-4AE6-A82A-1E31A27A099C}.Debug|Any CPU.Build.0 = Debug|Any CPU
		{93A592B4-18E0-4AE6-A82A-1E31A27A099C}.Release|Any CPU.ActiveCfg = Release|Any CPU
		{93A592B4-18E0-4AE6-A82A-1E31A27A099C}.Release|Any CPU.Build.0 = Release|Any CPU
		{7E2C63E8-EA16-4975-8F53-A9F6AFDD7935}.Debug|Any CPU.ActiveCfg = Debug|Any CPU
		{7E2C63E8-EA16-4975-8F53-A9F6AFDD7935}.Debug|Any CPU.Build.0 = Debug|Any CPU
		{7E2C63E8-EA16-4975-8F53-A9F6AFDD7935}.Release|Any CPU.ActiveCfg = Release|Any CPU
		{7E2C63E8-EA16-4975-8F53-A9F6AFDD7935}.Release|Any CPU.Build.0 = Release|Any CPU
	EndGlobalSection
	GlobalSection(SolutionProperties) = preSolution
		HideSolutionNode = FALSE
	EndGlobalSection
	GlobalSection(NestedProjects) = preSolution
		{D59679ED-015B-4362-A7F3-B3475D69349F} = {F87EFE8B-3A4E-44E8-A941-D9FB4FFE0703}
		{2A1D31DF-9643-47C8-8662-A1312B24345B} = {F87EFE8B-3A4E-44E8-A941-D9FB4FFE0703}
		{34EC2B57-A10E-4E33-A589-F21C57EC3782} = {4AC009DC-01F4-42F9-94EE-22A6C296F0DD}
		{DCEBC05C-681B-4317-8CA0-EFB631DAAD2D} = {4AC009DC-01F4-42F9-94EE-22A6C296F0DD}
		{2E0B27D9-075D-429A-A89A-8588C7BDBA0E} = {57CF8E09-C11B-4DEE-8C23-DACAEE5698FB}
		{892BB62E-ABD4-4A39-99BF-ABF42A69B1F1} = {8C434FEC-6010-4971-86CD-D30EE1CFD493}
		{66C1E1BE-DD1E-40A6-98C8-F2FB618F15B4} = {57CF8E09-C11B-4DEE-8C23-DACAEE5698FB}
		{93DC352A-DC50-4DE7-BBB4-A1E3A221EA36} = {57CF8E09-C11B-4DEE-8C23-DACAEE5698FB}
		{0B2CC3C9-D7CB-4DD0-BEA4-82AEA9E56E3C} = {8C434FEC-6010-4971-86CD-D30EE1CFD493}
		{2285190B-38D2-4C71-A4E3-596704F492A3} = {8C434FEC-6010-4971-86CD-D30EE1CFD493}
		{70A33AE3-C2DC-4833-8798-F613F5A1546D} = {7E6E2C42-5090-4F55-9403-DEE5BCEF015C}
		{06FDA847-0CC5-4F1F-BF88-85834FAE3B86} = {49E92FFF-A484-40CE-A7B0-E30A96268C0D}
		{93A592B4-18E0-4AE6-A82A-1E31A27A099C} = {49E92FFF-A484-40CE-A7B0-E30A96268C0D}
		{7E2C63E8-EA16-4975-8F53-A9F6AFDD7935} = {8C434FEC-6010-4971-86CD-D30EE1CFD493}
	EndGlobalSection
	GlobalSection(ExtensibilityGlobals) = postSolution
		SolutionGuid = {74FB035E-334E-4E3C-80A8-E592ED80A56E}
	EndGlobalSection
EndGlobal
