
Microsoft Visual Studio Solution File, Format Version 12.00
# Visual Studio Version 16
VisualStudioVersion = 16.0.30002.166
MinimumVisualStudioVersion = 10.0.40219.1
Project("{FAE04EC0-301F-11D3-BF4B-00C04F79EFBC}") = "Meta.Example1", "Meta.Example1\Meta.Example1.csproj", "{E40CA9D3-4839-4BBB-B8C7-731579500D08}"
EndProject
Global
	GlobalSection(SolutionConfigurationPlatforms) = preSolution
		Debug|Any CPU = Debug|Any CPU
		Release|Any CPU = Release|Any CPU
	EndGlobalSection
	GlobalSection(ProjectConfigurationPlatforms) = postSolution
		{E40CA9D3-4839-4BBB-B8C7-731579500D08}.Debug|Any CPU.ActiveCfg = Debug|Any CPU
		{E40CA9D3-4839-4BBB-B8C7-731579500D08}.Debug|Any CPU.Build.0 = Debug|Any CPU
		{E40CA9D3-4839-4BBB-B8C7-731579500D08}.Release|Any CPU.ActiveCfg = Release|Any CPU
		{E40CA9D3-4839-4BBB-B8C7-731579500D08}.Release|Any CPU.Build.0 = Release|Any CPU
	EndGlobalSection
	GlobalSection(SolutionProperties) = preSolution
		HideSolutionNode = FALSE
	EndGlobalSection
	GlobalSection(ExtensibilityGlobals) = postSolution
		SolutionGuid = {5D402D06-A75F-463D-829A-A0BF4BAE04F9}
	EndGlobalSection
EndGlobal
